// !$*UTF8*$!
{
	archiveVersion = 1;
	classes = {
	};
	objectVersion = 46;
	objects = {

/* Begin PBXBuildFile section */
		119657A21A5B17CF00C67ED0 /* sami-logo.png in Resources */ = {isa = PBXBuildFile; fileRef = 119657A11A5B17CF00C67ED0 /* sami-logo.png */; };
		63612DB319CA94D3007032F2 /* Security.framework in Frameworks */ = {isa = PBXBuildFile; fileRef = 63612DB219CA94D3007032F2 /* Security.framework */; };
		63612DB519CA94DD007032F2 /* SystemConfiguration.framework in Frameworks */ = {isa = PBXBuildFile; fileRef = 63612DB419CA94DD007032F2 /* SystemConfiguration.framework */; };
		63667A0E19CA5C58008726B1 /* Foundation.framework in Frameworks */ = {isa = PBXBuildFile; fileRef = 63667A0D19CA5C58008726B1 /* Foundation.framework */; };
		63667A1019CA5C58008726B1 /* CoreGraphics.framework in Frameworks */ = {isa = PBXBuildFile; fileRef = 63667A0F19CA5C58008726B1 /* CoreGraphics.framework */; };
		63667A1219CA5C58008726B1 /* UIKit.framework in Frameworks */ = {isa = PBXBuildFile; fileRef = 63667A1119CA5C58008726B1 /* UIKit.framework */; };
		63667A1819CA5C58008726B1 /* InfoPlist.strings in Resources */ = {isa = PBXBuildFile; fileRef = 63667A1619CA5C58008726B1 /* InfoPlist.strings */; };
		63667A1A19CA5C58008726B1 /* main.m in Sources */ = {isa = PBXBuildFile; fileRef = 63667A1919CA5C58008726B1 /* main.m */; };
		63667A1E19CA5C58008726B1 /* SamiAppDelegate.m in Sources */ = {isa = PBXBuildFile; fileRef = 63667A1D19CA5C58008726B1 /* SamiAppDelegate.m */; };
		63667A2119CA5C58008726B1 /* Main_iPhone.storyboard in Resources */ = {isa = PBXBuildFile; fileRef = 63667A1F19CA5C58008726B1 /* Main_iPhone.storyboard */; };
		63667A2719CA5C58008726B1 /* SamiViewController.m in Sources */ = {isa = PBXBuildFile; fileRef = 63667A2619CA5C58008726B1 /* SamiViewController.m */; };
		63667A2919CA5C58008726B1 /* Images.xcassets in Resources */ = {isa = PBXBuildFile; fileRef = 63667A2819CA5C58008726B1 /* Images.xcassets */; };
		63667A3019CA5C59008726B1 /* XCTest.framework in Frameworks */ = {isa = PBXBuildFile; fileRef = 63667A2F19CA5C59008726B1 /* XCTest.framework */; };
		63667A3119CA5C59008726B1 /* Foundation.framework in Frameworks */ = {isa = PBXBuildFile; fileRef = 63667A0D19CA5C58008726B1 /* Foundation.framework */; };
		63667A3219CA5C59008726B1 /* UIKit.framework in Frameworks */ = {isa = PBXBuildFile; fileRef = 63667A1119CA5C58008726B1 /* UIKit.framework */; };
		63667A3A19CA5C59008726B1 /* InfoPlist.strings in Resources */ = {isa = PBXBuildFile; fileRef = 63667A3819CA5C59008726B1 /* InfoPlist.strings */; };
		639009EB19CA9E3600630CE7 /* SamiUserApiTests.m in Sources */ = {isa = PBXBuildFile; fileRef = 639009EA19CA9E3600630CE7 /* SamiUserApiTests.m */; };
		639009F319CB888500630CE7 /* SamiDevicesTableViewController.m in Sources */ = {isa = PBXBuildFile; fileRef = 639009F219CB888500630CE7 /* SamiDevicesTableViewController.m */; };
		639009F619CB91C700630CE7 /* SamiMessagesTableViewController.m in Sources */ = {isa = PBXBuildFile; fileRef = 639009F519CB91C700630CE7 /* SamiMessagesTableViewController.m */; };
		639009F919CBA12F00630CE7 /* SamiMessageDetailsTableViewController.m in Sources */ = {isa = PBXBuildFile; fileRef = 639009F819CBA12F00630CE7 /* SamiMessageDetailsTableViewController.m */; };
		639009FC19CCAB1D00630CE7 /* SamiManifestTableViewController.m in Sources */ = {isa = PBXBuildFile; fileRef = 639009FB19CCAB1D00630CE7 /* SamiManifestTableViewController.m */; };
		639D236819D4BBA400597252 /* SamiSynchPedometerViewController.m in Sources */ = {isa = PBXBuildFile; fileRef = 639D236719D4BBA400597252 /* SamiSynchPedometerViewController.m */; };
		63C0253719D5DAB60099069A /* CoreMotion.framework in Frameworks */ = {isa = PBXBuildFile; fileRef = 63C0253619D5DAB60099069A /* CoreMotion.framework */; };
		63EBDB4519D0B14A0012E6D6 /* SamiOAuth2ViewController.m in Sources */ = {isa = PBXBuildFile; fileRef = 63EBDB4419D0B14A0012E6D6 /* SamiOAuth2ViewController.m */; };
		63EBDB4819D0C4670012E6D6 /* SamiUserSession.m in Sources */ = {isa = PBXBuildFile; fileRef = 63EBDB4719D0C4670012E6D6 /* SamiUserSession.m */; };
		63EBDB5419D275360012E6D6 /* SamiAddMessageViewController.m in Sources */ = {isa = PBXBuildFile; fileRef = 63EBDB5319D275360012E6D6 /* SamiAddMessageViewController.m */; };
		BDAD3648663737CFA6372680 /* libPods-SAMIClient.a in Frameworks */ = {isa = PBXBuildFile; fileRef = 1468E7937A96D28EB17071C0 /* libPods-SAMIClient.a */; };
/* End PBXBuildFile section */

/* Begin PBXContainerItemProxy section */
		63667A3319CA5C59008726B1 /* PBXContainerItemProxy */ = {
			isa = PBXContainerItemProxy;
			containerPortal = 63667A0219CA5C58008726B1 /* Project object */;
			proxyType = 1;
			remoteGlobalIDString = 63667A0919CA5C58008726B1;
			remoteInfo = SAMIClient;
		};
/* End PBXContainerItemProxy section */

/* Begin PBXFileReference section */
		119657A11A5B17CF00C67ED0 /* sami-logo.png */ = {isa = PBXFileReference; lastKnownFileType = image.png; path = "sami-logo.png"; sourceTree = "<group>"; };
		1468E7937A96D28EB17071C0 /* libPods-SAMIClient.a */ = {isa = PBXFileReference; explicitFileType = archive.ar; includeInIndex = 0; path = "libPods-SAMIClient.a"; sourceTree = BUILT_PRODUCTS_DIR; };
		150215674810A28C75E7857A /* Pods-SAMIClient.release.xcconfig */ = {isa = PBXFileReference; includeInIndex = 1; lastKnownFileType = text.xcconfig; name = "Pods-SAMIClient.release.xcconfig"; path = "Pods/Target Support Files/Pods-SAMIClient/Pods-SAMIClient.release.xcconfig"; sourceTree = "<group>"; };
		472D91A188743321FE813255 /* Pods-SAMIClient.debug.xcconfig */ = {isa = PBXFileReference; includeInIndex = 1; lastKnownFileType = text.xcconfig; name = "Pods-SAMIClient.debug.xcconfig"; path = "Pods/Target Support Files/Pods-SAMIClient/Pods-SAMIClient.debug.xcconfig"; sourceTree = "<group>"; };
		63612DB219CA94D3007032F2 /* Security.framework */ = {isa = PBXFileReference; lastKnownFileType = wrapper.framework; name = Security.framework; path = System/Library/Frameworks/Security.framework; sourceTree = SDKROOT; };
		63612DB419CA94DD007032F2 /* SystemConfiguration.framework */ = {isa = PBXFileReference; lastKnownFileType = wrapper.framework; name = SystemConfiguration.framework; path = System/Library/Frameworks/SystemConfiguration.framework; sourceTree = SDKROOT; };
		63667A0A19CA5C58008726B1 /* SAMIClient.app */ = {isa = PBXFileReference; explicitFileType = wrapper.application; includeInIndex = 0; path = SAMIClient.app; sourceTree = BUILT_PRODUCTS_DIR; };
		63667A0D19CA5C58008726B1 /* Foundation.framework */ = {isa = PBXFileReference; lastKnownFileType = wrapper.framework; name = Foundation.framework; path = System/Library/Frameworks/Foundation.framework; sourceTree = SDKROOT; };
		63667A0F19CA5C58008726B1 /* CoreGraphics.framework */ = {isa = PBXFileReference; lastKnownFileType = wrapper.framework; name = CoreGraphics.framework; path = System/Library/Frameworks/CoreGraphics.framework; sourceTree = SDKROOT; };
		63667A1119CA5C58008726B1 /* UIKit.framework */ = {isa = PBXFileReference; lastKnownFileType = wrapper.framework; name = UIKit.framework; path = System/Library/Frameworks/UIKit.framework; sourceTree = SDKROOT; };
		63667A1519CA5C58008726B1 /* SAMIClient-Info.plist */ = {isa = PBXFileReference; lastKnownFileType = text.plist.xml; path = "SAMIClient-Info.plist"; sourceTree = "<group>"; };
		63667A1719CA5C58008726B1 /* en */ = {isa = PBXFileReference; lastKnownFileType = text.plist.strings; name = en; path = en.lproj/InfoPlist.strings; sourceTree = "<group>"; };
		63667A1919CA5C58008726B1 /* main.m */ = {isa = PBXFileReference; lastKnownFileType = sourcecode.c.objc; path = main.m; sourceTree = "<group>"; };
		63667A1B19CA5C58008726B1 /* SAMIClient-Prefix.pch */ = {isa = PBXFileReference; lastKnownFileType = sourcecode.c.h; path = "SAMIClient-Prefix.pch"; sourceTree = "<group>"; };
		63667A1C19CA5C58008726B1 /* SamiAppDelegate.h */ = {isa = PBXFileReference; lastKnownFileType = sourcecode.c.h; path = SamiAppDelegate.h; sourceTree = "<group>"; };
		63667A1D19CA5C58008726B1 /* SamiAppDelegate.m */ = {isa = PBXFileReference; lastKnownFileType = sourcecode.c.objc; path = SamiAppDelegate.m; sourceTree = "<group>"; };
		63667A2019CA5C58008726B1 /* Base */ = {isa = PBXFileReference; lastKnownFileType = file.storyboard; name = Base; path = Base.lproj/Main_iPhone.storyboard; sourceTree = "<group>"; };
		63667A2519CA5C58008726B1 /* SamiViewController.h */ = {isa = PBXFileReference; lastKnownFileType = sourcecode.c.h; path = SamiViewController.h; sourceTree = "<group>"; };
		63667A2619CA5C58008726B1 /* SamiViewController.m */ = {isa = PBXFileReference; lastKnownFileType = sourcecode.c.objc; path = SamiViewController.m; sourceTree = "<group>"; };
		63667A2819CA5C58008726B1 /* Images.xcassets */ = {isa = PBXFileReference; lastKnownFileType = folder.assetcatalog; path = Images.xcassets; sourceTree = "<group>"; };
		63667A2E19CA5C59008726B1 /* SAMIClientTests.xctest */ = {isa = PBXFileReference; explicitFileType = wrapper.cfbundle; includeInIndex = 0; path = SAMIClientTests.xctest; sourceTree = BUILT_PRODUCTS_DIR; };
		63667A2F19CA5C59008726B1 /* XCTest.framework */ = {isa = PBXFileReference; lastKnownFileType = wrapper.framework; name = XCTest.framework; path = Library/Frameworks/XCTest.framework; sourceTree = DEVELOPER_DIR; };
		63667A3719CA5C59008726B1 /* SAMIClientTests-Info.plist */ = {isa = PBXFileReference; lastKnownFileType = text.plist.xml; path = "SAMIClientTests-Info.plist"; sourceTree = "<group>"; };
		63667A3919CA5C59008726B1 /* en */ = {isa = PBXFileReference; lastKnownFileType = text.plist.strings; name = en; path = en.lproj/InfoPlist.strings; sourceTree = "<group>"; };
		636864B519E5AD6E003DFA35 /* SamiConstants.h */ = {isa = PBXFileReference; lastKnownFileType = sourcecode.c.h; path = SamiConstants.h; sourceTree = "<group>"; };
		639009EA19CA9E3600630CE7 /* SamiUserApiTests.m */ = {isa = PBXFileReference; fileEncoding = 4; lastKnownFileType = sourcecode.c.objc; path = SamiUserApiTests.m; sourceTree = "<group>"; };
		639009F119CB888500630CE7 /* SamiDevicesTableViewController.h */ = {isa = PBXFileReference; fileEncoding = 4; lastKnownFileType = sourcecode.c.h; path = SamiDevicesTableViewController.h; sourceTree = "<group>"; };
		639009F219CB888500630CE7 /* SamiDevicesTableViewController.m */ = {isa = PBXFileReference; fileEncoding = 4; lastKnownFileType = sourcecode.c.objc; path = SamiDevicesTableViewController.m; sourceTree = "<group>"; };
		639009F419CB91C700630CE7 /* SamiMessagesTableViewController.h */ = {isa = PBXFileReference; fileEncoding = 4; lastKnownFileType = sourcecode.c.h; path = SamiMessagesTableViewController.h; sourceTree = "<group>"; };
		639009F519CB91C700630CE7 /* SamiMessagesTableViewController.m */ = {isa = PBXFileReference; fileEncoding = 4; lastKnownFileType = sourcecode.c.objc; path = SamiMessagesTableViewController.m; sourceTree = "<group>"; };
		639009F719CBA12F00630CE7 /* SamiMessageDetailsTableViewController.h */ = {isa = PBXFileReference; fileEncoding = 4; lastKnownFileType = sourcecode.c.h; path = SamiMessageDetailsTableViewController.h; sourceTree = "<group>"; };
		639009F819CBA12F00630CE7 /* SamiMessageDetailsTableViewController.m */ = {isa = PBXFileReference; fileEncoding = 4; lastKnownFileType = sourcecode.c.objc; path = SamiMessageDetailsTableViewController.m; sourceTree = "<group>"; };
		639009FA19CCAB1D00630CE7 /* SamiManifestTableViewController.h */ = {isa = PBXFileReference; fileEncoding = 4; lastKnownFileType = sourcecode.c.h; path = SamiManifestTableViewController.h; sourceTree = "<group>"; };
		639009FB19CCAB1D00630CE7 /* SamiManifestTableViewController.m */ = {isa = PBXFileReference; fileEncoding = 4; lastKnownFileType = sourcecode.c.objc; path = SamiManifestTableViewController.m; sourceTree = "<group>"; };
		639D236619D4BBA400597252 /* SamiSynchPedometerViewController.h */ = {isa = PBXFileReference; fileEncoding = 4; lastKnownFileType = sourcecode.c.h; path = SamiSynchPedometerViewController.h; sourceTree = "<group>"; };
		639D236719D4BBA400597252 /* SamiSynchPedometerViewController.m */ = {isa = PBXFileReference; fileEncoding = 4; lastKnownFileType = sourcecode.c.objc; path = SamiSynchPedometerViewController.m; sourceTree = "<group>"; };
		63C0253619D5DAB60099069A /* CoreMotion.framework */ = {isa = PBXFileReference; lastKnownFileType = wrapper.framework; name = CoreMotion.framework; path = System/Library/Frameworks/CoreMotion.framework; sourceTree = SDKROOT; };
		63EBDB4319D0B14A0012E6D6 /* SamiOAuth2ViewController.h */ = {isa = PBXFileReference; fileEncoding = 4; lastKnownFileType = sourcecode.c.h; path = SamiOAuth2ViewController.h; sourceTree = "<group>"; };
		63EBDB4419D0B14A0012E6D6 /* SamiOAuth2ViewController.m */ = {isa = PBXFileReference; fileEncoding = 4; lastKnownFileType = sourcecode.c.objc; path = SamiOAuth2ViewController.m; sourceTree = "<group>"; };
		63EBDB4619D0C4670012E6D6 /* SamiUserSession.h */ = {isa = PBXFileReference; fileEncoding = 4; lastKnownFileType = sourcecode.c.h; path = SamiUserSession.h; sourceTree = "<group>"; };
		63EBDB4719D0C4670012E6D6 /* SamiUserSession.m */ = {isa = PBXFileReference; fileEncoding = 4; lastKnownFileType = sourcecode.c.objc; path = SamiUserSession.m; sourceTree = "<group>"; };
		63EBDB5219D275360012E6D6 /* SamiAddMessageViewController.h */ = {isa = PBXFileReference; fileEncoding = 4; lastKnownFileType = sourcecode.c.h; path = SamiAddMessageViewController.h; sourceTree = "<group>"; };
		63EBDB5319D275360012E6D6 /* SamiAddMessageViewController.m */ = {isa = PBXFileReference; fileEncoding = 4; lastKnownFileType = sourcecode.c.objc; path = SamiAddMessageViewController.m; sourceTree = "<group>"; };
/* End PBXFileReference section */

/* Begin PBXFrameworksBuildPhase section */
		63667A0719CA5C58008726B1 /* Frameworks */ = {
			isa = PBXFrameworksBuildPhase;
			buildActionMask = 2147483647;
			files = (
				63C0253719D5DAB60099069A /* CoreMotion.framework in Frameworks */,
				63612DB519CA94DD007032F2 /* SystemConfiguration.framework in Frameworks */,
				63612DB319CA94D3007032F2 /* Security.framework in Frameworks */,
				63667A1019CA5C58008726B1 /* CoreGraphics.framework in Frameworks */,
				63667A1219CA5C58008726B1 /* UIKit.framework in Frameworks */,
				63667A0E19CA5C58008726B1 /* Foundation.framework in Frameworks */,
				BDAD3648663737CFA6372680 /* libPods-SAMIClient.a in Frameworks */,
			);
			runOnlyForDeploymentPostprocessing = 0;
		};
		63667A2B19CA5C59008726B1 /* Frameworks */ = {
			isa = PBXFrameworksBuildPhase;
			buildActionMask = 2147483647;
			files = (
				63667A3019CA5C59008726B1 /* XCTest.framework in Frameworks */,
				63667A3219CA5C59008726B1 /* UIKit.framework in Frameworks */,
				63667A3119CA5C59008726B1 /* Foundation.framework in Frameworks */,
			);
			runOnlyForDeploymentPostprocessing = 0;
		};
/* End PBXFrameworksBuildPhase section */

/* Begin PBXGroup section */
		5A3A6508577F4AC46F212359 /* Pods */ = {
			isa = PBXGroup;
			children = (
				472D91A188743321FE813255 /* Pods-SAMIClient.debug.xcconfig */,
				150215674810A28C75E7857A /* Pods-SAMIClient.release.xcconfig */,
			);
			name = Pods;
			sourceTree = "<group>";
		};
		63667A0119CA5C58008726B1 = {
			isa = PBXGroup;
			children = (
				63667A1319CA5C58008726B1 /* SAMIClient */,
				63667A3519CA5C59008726B1 /* SAMIClientTests */,
				63667A0C19CA5C58008726B1 /* Frameworks */,
				63667A0B19CA5C58008726B1 /* Products */,
				5A3A6508577F4AC46F212359 /* Pods */,
			);
			sourceTree = "<group>";
		};
		63667A0B19CA5C58008726B1 /* Products */ = {
			isa = PBXGroup;
			children = (
				63667A0A19CA5C58008726B1 /* SAMIClient.app */,
				63667A2E19CA5C59008726B1 /* SAMIClientTests.xctest */,
			);
			name = Products;
			sourceTree = "<group>";
		};
		63667A0C19CA5C58008726B1 /* Frameworks */ = {
			isa = PBXGroup;
			children = (
				63C0253619D5DAB60099069A /* CoreMotion.framework */,
				63612DB419CA94DD007032F2 /* SystemConfiguration.framework */,
				63612DB219CA94D3007032F2 /* Security.framework */,
				63667A0D19CA5C58008726B1 /* Foundation.framework */,
				63667A0F19CA5C58008726B1 /* CoreGraphics.framework */,
				63667A1119CA5C58008726B1 /* UIKit.framework */,
				63667A2F19CA5C59008726B1 /* XCTest.framework */,
				1468E7937A96D28EB17071C0 /* libPods-SAMIClient.a */,
			);
			name = Frameworks;
			sourceTree = "<group>";
		};
		63667A1319CA5C58008726B1 /* SAMIClient */ = {
			isa = PBXGroup;
			children = (
				63667A1419CA5C58008726B1 /* Supporting Files */,
				636864B519E5AD6E003DFA35 /* SamiConstants.h */,
				63667A1F19CA5C58008726B1 /* Main_iPhone.storyboard */,
				63667A2519CA5C58008726B1 /* SamiViewController.h */,
				63667A2619CA5C58008726B1 /* SamiViewController.m */,
				639009F119CB888500630CE7 /* SamiDevicesTableViewController.h */,
				639009F219CB888500630CE7 /* SamiDevicesTableViewController.m */,
				639009F419CB91C700630CE7 /* SamiMessagesTableViewController.h */,
				639009F519CB91C700630CE7 /* SamiMessagesTableViewController.m */,
				639009F719CBA12F00630CE7 /* SamiMessageDetailsTableViewController.h */,
				639009F819CBA12F00630CE7 /* SamiMessageDetailsTableViewController.m */,
				639009FA19CCAB1D00630CE7 /* SamiManifestTableViewController.h */,
				639009FB19CCAB1D00630CE7 /* SamiManifestTableViewController.m */,
				63EBDB4319D0B14A0012E6D6 /* SamiOAuth2ViewController.h */,
				63EBDB4419D0B14A0012E6D6 /* SamiOAuth2ViewController.m */,
				63EBDB4619D0C4670012E6D6 /* SamiUserSession.h */,
				63EBDB4719D0C4670012E6D6 /* SamiUserSession.m */,
				63EBDB5219D275360012E6D6 /* SamiAddMessageViewController.h */,
				63EBDB5319D275360012E6D6 /* SamiAddMessageViewController.m */,
				639D236619D4BBA400597252 /* SamiSynchPedometerViewController.h */,
				639D236719D4BBA400597252 /* SamiSynchPedometerViewController.m */,
			);
			path = SAMIClient;
			sourceTree = "<group>";
		};
		63667A1419CA5C58008726B1 /* Supporting Files */ = {
			isa = PBXGroup;
			children = (
				119657A11A5B17CF00C67ED0 /* sami-logo.png */,
				63667A2819CA5C58008726B1 /* Images.xcassets */,
				63667A1C19CA5C58008726B1 /* SamiAppDelegate.h */,
				63667A1D19CA5C58008726B1 /* SamiAppDelegate.m */,
				63667A1519CA5C58008726B1 /* SAMIClient-Info.plist */,
				63667A1619CA5C58008726B1 /* InfoPlist.strings */,
				63667A1919CA5C58008726B1 /* main.m */,
				63667A1B19CA5C58008726B1 /* SAMIClient-Prefix.pch */,
			);
			name = "Supporting Files";
			sourceTree = "<group>";
		};
		63667A3519CA5C59008726B1 /* SAMIClientTests */ = {
			isa = PBXGroup;
			children = (
				63667A3619CA5C59008726B1 /* Supporting Files */,
				639009EA19CA9E3600630CE7 /* SamiUserApiTests.m */,
			);
			path = SAMIClientTests;
			sourceTree = "<group>";
		};
		63667A3619CA5C59008726B1 /* Supporting Files */ = {
			isa = PBXGroup;
			children = (
				63667A3719CA5C59008726B1 /* SAMIClientTests-Info.plist */,
				63667A3819CA5C59008726B1 /* InfoPlist.strings */,
			);
			name = "Supporting Files";
			sourceTree = "<group>";
		};
/* End PBXGroup section */

/* Begin PBXNativeTarget section */
		63667A0919CA5C58008726B1 /* SAMIClient */ = {
			isa = PBXNativeTarget;
			buildConfigurationList = 63667A3F19CA5C59008726B1 /* Build configuration list for PBXNativeTarget "SAMIClient" */;
			buildPhases = (
				72C8B26FCA3543FBBA9C032F /* Check Pods Manifest.lock */,
				63667A0619CA5C58008726B1 /* Sources */,
				63667A0719CA5C58008726B1 /* Frameworks */,
				63667A0819CA5C58008726B1 /* Resources */,
				53F2C1618F9547A2AD020F6E /* Copy Pods Resources */,
			);
			buildRules = (
			);
			dependencies = (
			);
			name = SAMIClient;
			productName = SAMIClient;
			productReference = 63667A0A19CA5C58008726B1 /* SAMIClient.app */;
			productType = "com.apple.product-type.application";
		};
		63667A2D19CA5C59008726B1 /* SAMIClientTests */ = {
			isa = PBXNativeTarget;
			buildConfigurationList = 63667A4219CA5C59008726B1 /* Build configuration list for PBXNativeTarget "SAMIClientTests" */;
			buildPhases = (
				63667A2A19CA5C59008726B1 /* Sources */,
				63667A2B19CA5C59008726B1 /* Frameworks */,
				63667A2C19CA5C59008726B1 /* Resources */,
			);
			buildRules = (
			);
			dependencies = (
				63667A3419CA5C59008726B1 /* PBXTargetDependency */,
			);
			name = SAMIClientTests;
			productName = SAMIClientTests;
			productReference = 63667A2E19CA5C59008726B1 /* SAMIClientTests.xctest */;
			productType = "com.apple.product-type.bundle.unit-test";
		};
/* End PBXNativeTarget section */

/* Begin PBXProject section */
		63667A0219CA5C58008726B1 /* Project object */ = {
			isa = PBXProject;
			attributes = {
				CLASSPREFIX = Sami;
				LastUpgradeCheck = 0510;
				ORGANIZATIONNAME = SSIC;
				TargetAttributes = {
					63667A2D19CA5C59008726B1 = {
						TestTargetID = 63667A0919CA5C58008726B1;
					};
				};
			};
			buildConfigurationList = 63667A0519CA5C58008726B1 /* Build configuration list for PBXProject "SAMIClient" */;
			compatibilityVersion = "Xcode 3.2";
			developmentRegion = English;
			hasScannedForEncodings = 0;
			knownRegions = (
				en,
				Base,
			);
			mainGroup = 63667A0119CA5C58008726B1;
			productRefGroup = 63667A0B19CA5C58008726B1 /* Products */;
			projectDirPath = "";
			projectRoot = "";
			targets = (
				63667A0919CA5C58008726B1 /* SAMIClient */,
				63667A2D19CA5C59008726B1 /* SAMIClientTests */,
			);
		};
/* End PBXProject section */

/* Begin PBXResourcesBuildPhase section */
		63667A0819CA5C58008726B1 /* Resources */ = {
			isa = PBXResourcesBuildPhase;
			buildActionMask = 2147483647;
			files = (
				119657A21A5B17CF00C67ED0 /* sami-logo.png in Resources */,
				63667A2919CA5C58008726B1 /* Images.xcassets in Resources */,
				63667A2119CA5C58008726B1 /* Main_iPhone.storyboard in Resources */,
				63667A1819CA5C58008726B1 /* InfoPlist.strings in Resources */,
			);
			runOnlyForDeploymentPostprocessing = 0;
		};
		63667A2C19CA5C59008726B1 /* Resources */ = {
			isa = PBXResourcesBuildPhase;
			buildActionMask = 2147483647;
			files = (
				63667A3A19CA5C59008726B1 /* InfoPlist.strings in Resources */,
			);
			runOnlyForDeploymentPostprocessing = 0;
		};
/* End PBXResourcesBuildPhase section */

/* Begin PBXShellScriptBuildPhase section */
		53F2C1618F9547A2AD020F6E /* Copy Pods Resources */ = {
			isa = PBXShellScriptBuildPhase;
			buildActionMask = 2147483647;
			files = (
			);
			inputPaths = (
			);
			name = "Copy Pods Resources";
			outputPaths = (
			);
			runOnlyForDeploymentPostprocessing = 0;
			shellPath = /bin/sh;
			shellScript = "\"${SRCROOT}/Pods/Target Support Files/Pods-SAMIClient/Pods-SAMIClient-resources.sh\"\n";
			showEnvVarsInLog = 0;
		};
		72C8B26FCA3543FBBA9C032F /* Check Pods Manifest.lock */ = {
			isa = PBXShellScriptBuildPhase;
			buildActionMask = 2147483647;
			files = (
			);
			inputPaths = (
			);
			name = "Check Pods Manifest.lock";
			outputPaths = (
			);
			runOnlyForDeploymentPostprocessing = 0;
			shellPath = /bin/sh;
			shellScript = "diff \"${PODS_ROOT}/../Podfile.lock\" \"${PODS_ROOT}/Manifest.lock\" > /dev/null\nif [[ $? != 0 ]] ; then\n    cat << EOM\nerror: The sandbox is not in sync with the Podfile.lock. Run 'pod install' or update your CocoaPods installation.\nEOM\n    exit 1\nfi\n";
			showEnvVarsInLog = 0;
		};
/* End PBXShellScriptBuildPhase section */

/* Begin PBXSourcesBuildPhase section */
		63667A0619CA5C58008726B1 /* Sources */ = {
			isa = PBXSourcesBuildPhase;
			buildActionMask = 2147483647;
			files = (
				63667A2719CA5C58008726B1 /* SamiViewController.m in Sources */,
				63667A1E19CA5C58008726B1 /* SamiAppDelegate.m in Sources */,
				63667A1A19CA5C58008726B1 /* main.m in Sources */,
				63EBDB4519D0B14A0012E6D6 /* SamiOAuth2ViewController.m in Sources */,
				639009F919CBA12F00630CE7 /* SamiMessageDetailsTableViewController.m in Sources */,
				63EBDB4819D0C4670012E6D6 /* SamiUserSession.m in Sources */,
				639009FC19CCAB1D00630CE7 /* SamiManifestTableViewController.m in Sources */,
				639D236819D4BBA400597252 /* SamiSynchPedometerViewController.m in Sources */,
				639009F619CB91C700630CE7 /* SamiMessagesTableViewController.m in Sources */,
				639009F319CB888500630CE7 /* SamiDevicesTableViewController.m in Sources */,
				63EBDB5419D275360012E6D6 /* SamiAddMessageViewController.m in Sources */,
			);
			runOnlyForDeploymentPostprocessing = 0;
		};
		63667A2A19CA5C59008726B1 /* Sources */ = {
			isa = PBXSourcesBuildPhase;
			buildActionMask = 2147483647;
			files = (
				639009EB19CA9E3600630CE7 /* SamiUserApiTests.m in Sources */,
			);
			runOnlyForDeploymentPostprocessing = 0;
		};
/* End PBXSourcesBuildPhase section */

/* Begin PBXTargetDependency section */
		63667A3419CA5C59008726B1 /* PBXTargetDependency */ = {
			isa = PBXTargetDependency;
			target = 63667A0919CA5C58008726B1 /* SAMIClient */;
			targetProxy = 63667A3319CA5C59008726B1 /* PBXContainerItemProxy */;
		};
/* End PBXTargetDependency section */

/* Begin PBXVariantGroup section */
		63667A1619CA5C58008726B1 /* InfoPlist.strings */ = {
			isa = PBXVariantGroup;
			children = (
				63667A1719CA5C58008726B1 /* en */,
			);
			name = InfoPlist.strings;
			sourceTree = "<group>";
		};
		63667A1F19CA5C58008726B1 /* Main_iPhone.storyboard */ = {
			isa = PBXVariantGroup;
			children = (
				63667A2019CA5C58008726B1 /* Base */,
			);
			name = Main_iPhone.storyboard;
			sourceTree = "<group>";
		};
		63667A3819CA5C59008726B1 /* InfoPlist.strings */ = {
			isa = PBXVariantGroup;
			children = (
				63667A3919CA5C59008726B1 /* en */,
			);
			name = InfoPlist.strings;
			sourceTree = "<group>";
		};
/* End PBXVariantGroup section */

/* Begin XCBuildConfiguration section */
		63667A3D19CA5C59008726B1 /* Debug */ = {
			isa = XCBuildConfiguration;
			buildSettings = {
				ALWAYS_SEARCH_USER_PATHS = NO;
				CLANG_CXX_LANGUAGE_STANDARD = "gnu++0x";
				CLANG_CXX_LIBRARY = "libc++";
				CLANG_ENABLE_MODULES = YES;
				CLANG_ENABLE_OBJC_ARC = YES;
				CLANG_WARN_BOOL_CONVERSION = YES;
				CLANG_WARN_CONSTANT_CONVERSION = YES;
				CLANG_WARN_DIRECT_OBJC_ISA_USAGE = YES_ERROR;
				CLANG_WARN_EMPTY_BODY = YES;
				CLANG_WARN_ENUM_CONVERSION = YES;
				CLANG_WARN_INT_CONVERSION = YES;
				CLANG_WARN_OBJC_ROOT_CLASS = YES_ERROR;
				CLANG_WARN__DUPLICATE_METHOD_MATCH = YES;
				"CODE_SIGN_IDENTITY[sdk=iphoneos*]" = "iPhone Developer";
				COPY_PHASE_STRIP = NO;
				GCC_C_LANGUAGE_STANDARD = gnu99;
				GCC_DYNAMIC_NO_PIC = NO;
				GCC_OPTIMIZATION_LEVEL = 0;
				GCC_PREPROCESSOR_DEFINITIONS = (
					"DEBUG=1",
					"$(inherited)",
				);
				GCC_SYMBOLS_PRIVATE_EXTERN = NO;
				GCC_WARN_64_TO_32_BIT_CONVERSION = YES;
				GCC_WARN_ABOUT_RETURN_TYPE = YES_ERROR;
				GCC_WARN_UNDECLARED_SELECTOR = YES;
				GCC_WARN_UNINITIALIZED_AUTOS = YES_AGGRESSIVE;
				GCC_WARN_UNUSED_FUNCTION = YES;
				GCC_WARN_UNUSED_VARIABLE = YES;
				IPHONEOS_DEPLOYMENT_TARGET = 8.0;
				ONLY_ACTIVE_ARCH = YES;
				SDKROOT = iphoneos;
				TARGETED_DEVICE_FAMILY = "1,2";
			};
			name = Debug;
		};
		63667A3E19CA5C59008726B1 /* Release */ = {
			isa = XCBuildConfiguration;
			buildSettings = {
				ALWAYS_SEARCH_USER_PATHS = NO;
				CLANG_CXX_LANGUAGE_STANDARD = "gnu++0x";
				CLANG_CXX_LIBRARY = "libc++";
				CLANG_ENABLE_MODULES = YES;
				CLANG_ENABLE_OBJC_ARC = YES;
				CLANG_WARN_BOOL_CONVERSION = YES;
				CLANG_WARN_CONSTANT_CONVERSION = YES;
				CLANG_WARN_DIRECT_OBJC_ISA_USAGE = YES_ERROR;
				CLANG_WARN_EMPTY_BODY = YES;
				CLANG_WARN_ENUM_CONVERSION = YES;
				CLANG_WARN_INT_CONVERSION = YES;
				CLANG_WARN_OBJC_ROOT_CLASS = YES_ERROR;
				CLANG_WARN__DUPLICATE_METHOD_MATCH = YES;
				"CODE_SIGN_IDENTITY[sdk=iphoneos*]" = "iPhone Developer";
				COPY_PHASE_STRIP = YES;
				ENABLE_NS_ASSERTIONS = NO;
				GCC_C_LANGUAGE_STANDARD = gnu99;
				GCC_WARN_64_TO_32_BIT_CONVERSION = YES;
				GCC_WARN_ABOUT_RETURN_TYPE = YES_ERROR;
				GCC_WARN_UNDECLARED_SELECTOR = YES;
				GCC_WARN_UNINITIALIZED_AUTOS = YES_AGGRESSIVE;
				GCC_WARN_UNUSED_FUNCTION = YES;
				GCC_WARN_UNUSED_VARIABLE = YES;
				IPHONEOS_DEPLOYMENT_TARGET = 8.0;
				SDKROOT = iphoneos;
				TARGETED_DEVICE_FAMILY = "1,2";
				VALIDATE_PRODUCT = YES;
			};
			name = Release;
		};
		63667A4019CA5C59008726B1 /* Debug */ = {
			isa = XCBuildConfiguration;
			baseConfigurationReference = 472D91A188743321FE813255 /* Pods-SAMIClient.debug.xcconfig */;
			buildSettings = {
				ASSETCATALOG_COMPILER_APPICON_NAME = AppIcon;
				ASSETCATALOG_COMPILER_LAUNCHIMAGE_NAME = LaunchImage;
				GCC_PRECOMPILE_PREFIX_HEADER = YES;
				GCC_PREFIX_HEADER = "SAMIClient/SAMIClient-Prefix.pch";
				INFOPLIST_FILE = "SAMIClient/SAMIClient-Info.plist";
				PRODUCT_NAME = SAMIClient;
				TARGETED_DEVICE_FAMILY = 1;
				WRAPPER_EXTENSION = app;
			};
			name = Debug;
		};
		63667A4119CA5C59008726B1 /* Release */ = {
			isa = XCBuildConfiguration;
			baseConfigurationReference = 150215674810A28C75E7857A /* Pods-SAMIClient.release.xcconfig */;
			buildSettings = {
				ASSETCATALOG_COMPILER_APPICON_NAME = AppIcon;
				ASSETCATALOG_COMPILER_LAUNCHIMAGE_NAME = LaunchImage;
				GCC_PRECOMPILE_PREFIX_HEADER = YES;
				GCC_PREFIX_HEADER = "SAMIClient/SAMIClient-Prefix.pch";
				INFOPLIST_FILE = "SAMIClient/SAMIClient-Info.plist";
				PRODUCT_NAME = SAMIClient;
				TARGETED_DEVICE_FAMILY = 1;
				WRAPPER_EXTENSION = app;
			};
			name = Release;
		};
		63667A4319CA5C59008726B1 /* Debug */ = {
			isa = XCBuildConfiguration;
			buildSettings = {
				BUNDLE_LOADER = "$(BUILT_PRODUCTS_DIR)/SAMIClient.app/SAMIClient";
				FRAMEWORK_SEARCH_PATHS = (
					"$(SDKROOT)/Developer/Library/Frameworks",
					"$(inherited)",
					"$(DEVELOPER_FRAMEWORKS_DIR)",
				);
				GCC_PRECOMPILE_PREFIX_HEADER = YES;
				GCC_PREFIX_HEADER = "SAMIClient/SAMIClient-Prefix.pch";
				GCC_PREPROCESSOR_DEFINITIONS = (
					"DEBUG=1",
					"$(inherited)",
				);
				INFOPLIST_FILE = "SAMIClientTests/SAMIClientTests-Info.plist";
				PRODUCT_NAME = SAMIClientTests;
				TEST_HOST = "$(BUNDLE_LOADER)";
				WRAPPER_EXTENSION = xctest;
			};
			name = Debug;
		};
		63667A4419CA5C59008726B1 /* Release */ = {
			isa = XCBuildConfiguration;
			buildSettings = {
				BUNDLE_LOADER = "$(BUILT_PRODUCTS_DIR)/SAMIClient.app/SAMIClient";
				FRAMEWORK_SEARCH_PATHS = (
					"$(SDKROOT)/Developer/Library/Frameworks",
					"$(inherited)",
					"$(DEVELOPER_FRAMEWORKS_DIR)",
				);
				GCC_PRECOMPILE_PREFIX_HEADER = YES;
				GCC_PREFIX_HEADER = "SAMIClient/SAMIClient-Prefix.pch";
				INFOPLIST_FILE = "SAMIClientTests/SAMIClientTests-Info.plist";
				PRODUCT_NAME = SAMIClientTests;
				TEST_HOST = "$(BUNDLE_LOADER)";
				WRAPPER_EXTENSION = xctest;
			};
			name = Release;
		};
/* End XCBuildConfiguration section */

/* Begin XCConfigurationList section */
		63667A0519CA5C58008726B1 /* Build configuration list for PBXProject "SAMIClient" */ = {
			isa = XCConfigurationList;
			buildConfigurations = (
				63667A3D19CA5C59008726B1 /* Debug */,
				63667A3E19CA5C59008726B1 /* Release */,
			);
			defaultConfigurationIsVisible = 0;
			defaultConfigurationName = Debug;
		};
		63667A3F19CA5C59008726B1 /* Build configuration list for PBXNativeTarget "SAMIClient" */ = {
			isa = XCConfigurationList;
			buildConfigurations = (
				63667A4019CA5C59008726B1 /* Debug */,
				63667A4119CA5C59008726B1 /* Release */,
			);
			defaultConfigurationIsVisible = 0;
			defaultConfigurationName = Debug;
		};
		63667A4219CA5C59008726B1 /* Build configuration list for PBXNativeTarget "SAMIClientTests" */ = {
			isa = XCConfigurationList;
			buildConfigurations = (
				63667A4319CA5C59008726B1 /* Debug */,
				63667A4419CA5C59008726B1 /* Release */,
			);
			defaultConfigurationIsVisible = 0;
			defaultConfigurationName = Debug;
		};
/* End XCConfigurationList section */
	};
	rootObject = 63667A0219CA5C58008726B1 /* Project object */;
}
